
Microsoft Visual Studio Solution File, Format Version 12.00
# Visual Studio Version 17
VisualStudioVersion = 17.14.36401.2 d17.14
MinimumVisualStudioVersion = 10.0.40219.1
Project("{FAE04EC0-301F-11D3-BF4B-00C04F79EFBC}") = "SCPBUFF - Christmas", "SCPBUFF - Christmas\SCPBUFF - Christmas.csproj", "{C78AF924-1910-455F-B915-B2BD8DAE891C}"
EndProject
Global
	GlobalSection(SolutionConfigurationPlatforms) = preSolution
		Debug|Any CPU = Debug|Any CPU
		Release|Any CPU = Release|Any CPU
	EndGlobalSection
	GlobalSection(ProjectConfigurationPlatforms) = postSolution
		{C78AF924-1910-455F-B915-B2BD8DAE891C}.Debug|Any CPU.ActiveCfg = Debug|Any CPU
		{C78AF924-1910-455F-B915-B2BD8DAE891C}.Debug|Any CPU.Build.0 = Debug|Any CPU
		{C78AF924-1910-455F-B915-B2BD8DAE891C}.Release|Any CPU.ActiveCfg = Release|Any CPU
		{C78AF924-1910-455F-B915-B2BD8DAE891C}.Release|Any CPU.Build.0 = Release|Any CPU
	EndGlobalSection
	GlobalSection(SolutionProperties) = preSolution
		HideSolutionNode = FALSE
	EndGlobalSection
	GlobalSection(ExtensibilityGlobals) = postSolution
		SolutionGuid = {FBBEC354-5714-4190-ABF5-2FFECC51915F}
	EndGlobalSection
EndGlobal
